// !$*UTF8*$!
{
	archiveVersion = 1;
	classes = {
	};
	objectVersion = 55;
	objects = {

/* Begin PBXBuildFile section */
		EC1F036729E6BE09009E0871 /* SwifterSwift in Frameworks */ = {isa = PBXBuildFile; productRef = EC1F036629E6BE09009E0871 /* SwifterSwift */; };
		EC1F036A29E6BF1D009E0871 /* FirebaseAuth in Frameworks */ = {isa = PBXBuildFile; productRef = EC1F036929E6BF1D009E0871 /* FirebaseAuth */; };
		EC1F036C29E6BF1D009E0871 /* FirebaseFirestore in Frameworks */ = {isa = PBXBuildFile; productRef = EC1F036B29E6BF1D009E0871 /* FirebaseFirestore */; };
		EC7F2C4129E57B9D00F985A2 /* AppDelegate.swift in Sources */ = {isa = PBXBuildFile; fileRef = EC7F2C4029E57B9D00F985A2 /* AppDelegate.swift */; };
		EC7F2C4329E57B9D00F985A2 /* SceneDelegate.swift in Sources */ = {isa = PBXBuildFile; fileRef = EC7F2C4229E57B9D00F985A2 /* SceneDelegate.swift */; };
		EC7F2C4829E57B9D00F985A2 /* Main.storyboard in Resources */ = {isa = PBXBuildFile; fileRef = EC7F2C4629E57B9D00F985A2 /* Main.storyboard */; };
		EC7F2C4A29E57BA100F985A2 /* Assets.xcassets in Resources */ = {isa = PBXBuildFile; fileRef = EC7F2C4929E57BA100F985A2 /* Assets.xcassets */; };
		EC7F2C4D29E57BA100F985A2 /* LaunchScreen.storyboard in Resources */ = {isa = PBXBuildFile; fileRef = EC7F2C4B29E57BA100F985A2 /* LaunchScreen.storyboard */; };
		EC8CA91E29E7D3BA00C35AEA /* AddTaskVC.swift in Sources */ = {isa = PBXBuildFile; fileRef = EC8CA91D29E7D3BA00C35AEA /* AddTaskVC.swift */; };
		EC91734129E7FFB000C7E95D /* Task.swift in Sources */ = {isa = PBXBuildFile; fileRef = EC91734029E7FFB000C7E95D /* Task.swift */; };
		EC99643A29E68B5200897F90 /* RegisterVC.swift in Sources */ = {isa = PBXBuildFile; fileRef = EC99643929E68B5200897F90 /* RegisterVC.swift */; };
		EC99643C29E68F1A00897F90 /* GoogleService-Info.plist in Resources */ = {isa = PBXBuildFile; fileRef = EC99643B29E68F1A00897F90 /* GoogleService-Info.plist */; };
		EC99645429E6B39200897F90 /* LoginVC.swift in Sources */ = {isa = PBXBuildFile; fileRef = EC99645329E6B39200897F90 /* LoginVC.swift */; };
		ECC2B24529E6D54D009BEE1B /* TBVCell.swift in Sources */ = {isa = PBXBuildFile; fileRef = ECC2B24429E6D54D009BEE1B /* TBVCell.swift */; };
		ECC2B24729E6D613009BEE1B /* HomeVC.swift in Sources */ = {isa = PBXBuildFile; fileRef = ECC2B24629E6D613009BEE1B /* HomeVC.swift */; };
/* End PBXBuildFile section */

/* Begin PBXFileReference section */
		EC7F2C3D29E57B9D00F985A2 /* ToDo.app */ = {isa = PBXFileReference; explicitFileType = wrapper.application; includeInIndex = 0; path = ToDo.app; sourceTree = BUILT_PRODUCTS_DIR; };
		EC7F2C4029E57B9D00F985A2 /* AppDelegate.swift */ = {isa = PBXFileReference; lastKnownFileType = sourcecode.swift; path = AppDelegate.swift; sourceTree = "<group>"; };
		EC7F2C4229E57B9D00F985A2 /* SceneDelegate.swift */ = {isa = PBXFileReference; lastKnownFileType = sourcecode.swift; path = SceneDelegate.swift; sourceTree = "<group>"; };
		EC7F2C4729E57B9D00F985A2 /* Base */ = {isa = PBXFileReference; lastKnownFileType = file.storyboard; name = Base; path = Base.lproj/Main.storyboard; sourceTree = "<group>"; };
		EC7F2C4929E57BA100F985A2 /* Assets.xcassets */ = {isa = PBXFileReference; lastKnownFileType = folder.assetcatalog; path = Assets.xcassets; sourceTree = "<group>"; };
		EC7F2C4C29E57BA100F985A2 /* Base */ = {isa = PBXFileReference; lastKnownFileType = file.storyboard; name = Base; path = Base.lproj/LaunchScreen.storyboard; sourceTree = "<group>"; };
		EC7F2C4E29E57BA100F985A2 /* Info.plist */ = {isa = PBXFileReference; lastKnownFileType = text.plist.xml; path = Info.plist; sourceTree = "<group>"; };
		EC8CA91D29E7D3BA00C35AEA /* AddTaskVC.swift */ = {isa = PBXFileReference; lastKnownFileType = sourcecode.swift; path = AddTaskVC.swift; sourceTree = "<group>"; };
		EC91734029E7FFB000C7E95D /* Task.swift */ = {isa = PBXFileReference; lastKnownFileType = sourcecode.swift; path = Task.swift; sourceTree = "<group>"; };
		EC99643929E68B5200897F90 /* RegisterVC.swift */ = {isa = PBXFileReference; lastKnownFileType = sourcecode.swift; path = RegisterVC.swift; sourceTree = "<group>"; };
		EC99643B29E68F1A00897F90 /* GoogleService-Info.plist */ = {isa = PBXFileReference; fileEncoding = 4; lastKnownFileType = text.plist.xml; path = "GoogleService-Info.plist"; sourceTree = "<group>"; };
		EC99645329E6B39200897F90 /* LoginVC.swift */ = {isa = PBXFileReference; lastKnownFileType = sourcecode.swift; path = LoginVC.swift; sourceTree = "<group>"; };
		ECC2B24429E6D54D009BEE1B /* TBVCell.swift */ = {isa = PBXFileReference; lastKnownFileType = sourcecode.swift; path = TBVCell.swift; sourceTree = "<group>"; };
		ECC2B24629E6D613009BEE1B /* HomeVC.swift */ = {isa = PBXFileReference; lastKnownFileType = sourcecode.swift; path = HomeVC.swift; sourceTree = "<group>"; };
/* End PBXFileReference section */

/* Begin PBXFrameworksBuildPhase section */
		EC7F2C3A29E57B9D00F985A2 /* Frameworks */ = {
			isa = PBXFrameworksBuildPhase;
			buildActionMask = 2147483647;
			files = (
				EC1F036729E6BE09009E0871 /* SwifterSwift in Frameworks */,
				EC1F036A29E6BF1D009E0871 /* FirebaseAuth in Frameworks */,
				EC1F036C29E6BF1D009E0871 /* FirebaseFirestore in Frameworks */,
			);
			runOnlyForDeploymentPostprocessing = 0;
		};
/* End PBXFrameworksBuildPhase section */

/* Begin PBXGroup section */
		EC7F2C3429E57B9D00F985A2 = {
			isa = PBXGroup;
			children = (
				EC7F2C3F29E57B9D00F985A2 /* ToDo */,
				EC7F2C3E29E57B9D00F985A2 /* Products */,
			);
			sourceTree = "<group>";
		};
		EC7F2C3E29E57B9D00F985A2 /* Products */ = {
			isa = PBXGroup;
			children = (
				EC7F2C3D29E57B9D00F985A2 /* ToDo.app */,
			);
			name = Products;
			sourceTree = "<group>";
		};
		EC7F2C3F29E57B9D00F985A2 /* ToDo */ = {
			isa = PBXGroup;
			children = (
				EC99643829E68AB600897F90 /* Model */,
				EC99643729E68AA800897F90 /* View */,
				EC99643629E68A9E00897F90 /* Controller */,
				EC7F2C4029E57B9D00F985A2 /* AppDelegate.swift */,
				EC99643B29E68F1A00897F90 /* GoogleService-Info.plist */,
				EC7F2C4229E57B9D00F985A2 /* SceneDelegate.swift */,
				EC7F2C4929E57BA100F985A2 /* Assets.xcassets */,
				EC7F2C4B29E57BA100F985A2 /* LaunchScreen.storyboard */,
				EC7F2C4E29E57BA100F985A2 /* Info.plist */,
			);
			path = ToDo;
			sourceTree = "<group>";
		};
		EC99643629E68A9E00897F90 /* Controller */ = {
			isa = PBXGroup;
			children = (
				EC99643929E68B5200897F90 /* RegisterVC.swift */,
				EC99645329E6B39200897F90 /* LoginVC.swift */,
				ECC2B24429E6D54D009BEE1B /* TBVCell.swift */,
				ECC2B24629E6D613009BEE1B /* HomeVC.swift */,
				EC8CA91D29E7D3BA00C35AEA /* AddTaskVC.swift */,
			);
			path = Controller;
			sourceTree = "<group>";
		};
		EC99643729E68AA800897F90 /* View */ = {
			isa = PBXGroup;
			children = (
				EC7F2C4629E57B9D00F985A2 /* Main.storyboard */,
			);
			path = View;
			sourceTree = "<group>";
		};
		EC99643829E68AB600897F90 /* Model */ = {
			isa = PBXGroup;
			children = (
				EC91734029E7FFB000C7E95D /* Task.swift */,
			);
			path = Model;
			sourceTree = "<group>";
		};
/* End PBXGroup section */

/* Begin PBXNativeTarget section */
		EC7F2C3C29E57B9D00F985A2 /* ToDo */ = {
			isa = PBXNativeTarget;
			buildConfigurationList = EC7F2C5129E57BA100F985A2 /* Build configuration list for PBXNativeTarget "ToDo" */;
			buildPhases = (
				EC7F2C3929E57B9D00F985A2 /* Sources */,
				EC7F2C3A29E57B9D00F985A2 /* Frameworks */,
				EC7F2C3B29E57B9D00F985A2 /* Resources */,
			);
			buildRules = (
			);
			dependencies = (
			);
			name = ToDo;
			packageProductDependencies = (
				EC1F036629E6BE09009E0871 /* SwifterSwift */,
				EC1F036929E6BF1D009E0871 /* FirebaseAuth */,
				EC1F036B29E6BF1D009E0871 /* FirebaseFirestore */,
			);
			productName = ToDo;
			productReference = EC7F2C3D29E57B9D00F985A2 /* ToDo.app */;
			productType = "com.apple.product-type.application";
		};
/* End PBXNativeTarget section */

/* Begin PBXProject section */
		EC7F2C3529E57B9D00F985A2 /* Project object */ = {
			isa = PBXProject;
			attributes = {
				BuildIndependentTargetsInParallel = 1;
				LastSwiftUpdateCheck = 1320;
				LastUpgradeCheck = 1320;
				TargetAttributes = {
					EC7F2C3C29E57B9D00F985A2 = {
						CreatedOnToolsVersion = 13.2;
					};
				};
			};
			buildConfigurationList = EC7F2C3829E57B9D00F985A2 /* Build configuration list for PBXProject "ToDo" */;
			compatibilityVersion = "Xcode 13.0";
			developmentRegion = en;
			hasScannedForEncodings = 0;
			knownRegions = (
				en,
				Base,
			);
			mainGroup = EC7F2C3429E57B9D00F985A2;
			packageReferences = (
				EC1F036529E6BE09009E0871 /* XCRemoteSwiftPackageReference "SwifterSwift" */,
				EC1F036829E6BF1D009E0871 /* XCRemoteSwiftPackageReference "firebase-ios-sdk" */,
			);
			productRefGroup = EC7F2C3E29E57B9D00F985A2 /* Products */;
			projectDirPath = "";
			projectRoot = "";
			targets = (
				EC7F2C3C29E57B9D00F985A2 /* ToDo */,
			);
		};
/* End PBXProject section */

/* Begin PBXResourcesBuildPhase section */
		EC7F2C3B29E57B9D00F985A2 /* Resources */ = {
			isa = PBXResourcesBuildPhase;
			buildActionMask = 2147483647;
			files = (
				EC7F2C4D29E57BA100F985A2 /* LaunchScreen.storyboard in Resources */,
				EC99643C29E68F1A00897F90 /* GoogleService-Info.plist in Resources */,
				EC7F2C4A29E57BA100F985A2 /* Assets.xcassets in Resources */,
				EC7F2C4829E57B9D00F985A2 /* Main.storyboard in Resources */,
			);
			runOnlyForDeploymentPostprocessing = 0;
		};
/* End PBXResourcesBuildPhase section */

/* Begin PBXSourcesBuildPhase section */
		EC7F2C3929E57B9D00F985A2 /* Sources */ = {
			isa = PBXSourcesBuildPhase;
			buildActionMask = 2147483647;
			files = (
				EC91734129E7FFB000C7E95D /* Task.swift in Sources */,
				ECC2B24529E6D54D009BEE1B /* TBVCell.swift in Sources */,
				EC99643A29E68B5200897F90 /* RegisterVC.swift in Sources */,
				EC8CA91E29E7D3BA00C35AEA /* AddTaskVC.swift in Sources */,
				EC7F2C4129E57B9D00F985A2 /* AppDelegate.swift in Sources */,
				ECC2B24729E6D613009BEE1B /* HomeVC.swift in Sources */,
				EC99645429E6B39200897F90 /* LoginVC.swift in Sources */,
				EC7F2C4329E57B9D00F985A2 /* SceneDelegate.swift in Sources */,
			);
			runOnlyForDeploymentPostprocessing = 0;
		};
/* End PBXSourcesBuildPhase section */

/* Begin PBXVariantGroup section */
		EC7F2C4629E57B9D00F985A2 /* Main.storyboard */ = {
			isa = PBXVariantGroup;
			children = (
				EC7F2C4729E57B9D00F985A2 /* Base */,
			);
			name = Main.storyboard;
			sourceTree = "<group>";
		};
		EC7F2C4B29E57BA100F985A2 /* LaunchScreen.storyboard */ = {
			isa = PBXVariantGroup;
			children = (
				EC7F2C4C29E57BA100F985A2 /* Base */,
			);
			name = LaunchScreen.storyboard;
			sourceTree = "<group>";
		};
/* End PBXVariantGroup section */

/* Begin XCBuildConfiguration section */
		EC7F2C4F29E57BA100F985A2 /* Debug */ = {
			isa = XCBuildConfiguration;
			buildSettings = {
				ALWAYS_SEARCH_USER_PATHS = NO;
				CLANG_ANALYZER_NONNULL = YES;
				CLANG_ANALYZER_NUMBER_OBJECT_CONVERSION = YES_AGGRESSIVE;
				CLANG_CXX_LANGUAGE_STANDARD = "gnu++17";
				CLANG_CXX_LIBRARY = "libc++";
				CLANG_ENABLE_MODULES = YES;
				CLANG_ENABLE_OBJC_ARC = YES;
				CLANG_ENABLE_OBJC_WEAK = YES;
				CLANG_WARN_BLOCK_CAPTURE_AUTORELEASING = YES;
				CLANG_WARN_BOOL_CONVERSION = YES;
				CLANG_WARN_COMMA = YES;
				CLANG_WARN_CONSTANT_CONVERSION = YES;
				CLANG_WARN_DEPRECATED_OBJC_IMPLEMENTATIONS = YES;
				CLANG_WARN_DIRECT_OBJC_ISA_USAGE = YES_ERROR;
				CLANG_WARN_DOCUMENTATION_COMMENTS = YES;
				CLANG_WARN_EMPTY_BODY = YES;
				CLANG_WARN_ENUM_CONVERSION = YES;
				CLANG_WARN_INFINITE_RECURSION = YES;
				CLANG_WARN_INT_CONVERSION = YES;
				CLANG_WARN_NON_LITERAL_NULL_CONVERSION = YES;
				CLANG_WARN_OBJC_IMPLICIT_RETAIN_SELF = YES;
				CLANG_WARN_OBJC_LITERAL_CONVERSION = YES;
				CLANG_WARN_OBJC_ROOT_CLASS = YES_ERROR;
				CLANG_WARN_QUOTED_INCLUDE_IN_FRAMEWORK_HEADER = YES;
				CLANG_WARN_RANGE_LOOP_ANALYSIS = YES;
				CLANG_WARN_STRICT_PROTOTYPES = YES;
				CLANG_WARN_SUSPICIOUS_MOVE = YES;
				CLANG_WARN_UNGUARDED_AVAILABILITY = YES_AGGRESSIVE;
				CLANG_WARN_UNREACHABLE_CODE = YES;
				CLANG_WARN__DUPLICATE_METHOD_MATCH = YES;
				COPY_PHASE_STRIP = NO;
				DEBUG_INFORMATION_FORMAT = dwarf;
				ENABLE_STRICT_OBJC_MSGSEND = YES;
				ENABLE_TESTABILITY = YES;
				GCC_C_LANGUAGE_STANDARD = gnu11;
				GCC_DYNAMIC_NO_PIC = NO;
				GCC_NO_COMMON_BLOCKS = YES;
				GCC_OPTIMIZATION_LEVEL = 0;
				GCC_PREPROCESSOR_DEFINITIONS = (
					"DEBUG=1",
					"$(inherited)",
				);
				GCC_WARN_64_TO_32_BIT_CONVERSION = YES;
				GCC_WARN_ABOUT_RETURN_TYPE = YES_ERROR;
				GCC_WARN_UNDECLARED_SELECTOR = YES;
				GCC_WARN_UNINITIALIZED_AUTOS = YES_AGGRESSIVE;
				GCC_WARN_UNUSED_FUNCTION = YES;
				GCC_WARN_UNUSED_VARIABLE = YES;
				IPHONEOS_DEPLOYMENT_TARGET = 15.2;
				MTL_ENABLE_DEBUG_INFO = INCLUDE_SOURCE;
				MTL_FAST_MATH = YES;
				ONLY_ACTIVE_ARCH = YES;
				SDKROOT = iphoneos;
				SWIFT_ACTIVE_COMPILATION_CONDITIONS = DEBUG;
				SWIFT_OPTIMIZATION_LEVEL = "-Onone";
			};
			name = Debug;
		};
		EC7F2C5029E57BA100F985A2 /* Release */ = {
			isa = XCBuildConfiguration;
			buildSettings = {
				ALWAYS_SEARCH_USER_PATHS = NO;
				CLANG_ANALYZER_NONNULL = YES;
				CLANG_ANALYZER_NUMBER_OBJECT_CONVERSION = YES_AGGRESSIVE;
				CLANG_CXX_LANGUAGE_STANDARD = "gnu++17";
				CLANG_CXX_LIBRARY = "libc++";
				CLANG_ENABLE_MODULES = YES;
				CLANG_ENABLE_OBJC_ARC = YES;
				CLANG_ENABLE_OBJC_WEAK = YES;
				CLANG_WARN_BLOCK_CAPTURE_AUTORELEASING = YES;
				CLANG_WARN_BOOL_CONVERSION = YES;
				CLANG_WARN_COMMA = YES;
				CLANG_WARN_CONSTANT_CONVERSION = YES;
				CLANG_WARN_DEPRECATED_OBJC_IMPLEMENTATIONS = YES;
				CLANG_WARN_DIRECT_OBJC_ISA_USAGE = YES_ERROR;
				CLANG_WARN_DOCUMENTATION_COMMENTS = YES;
				CLANG_WARN_EMPTY_BODY = YES;
				CLANG_WARN_ENUM_CONVERSION = YES;
				CLANG_WARN_INFINITE_RECURSION = YES;
				CLANG_WARN_INT_CONVERSION = YES;
				CLANG_WARN_NON_LITERAL_NULL_CONVERSION = YES;
				CLANG_WARN_OBJC_IMPLICIT_RETAIN_SELF = YES;
				CLANG_WARN_OBJC_LITERAL_CONVERSION = YES;
				CLANG_WARN_OBJC_ROOT_CLASS = YES_ERROR;
				CLANG_WARN_QUOTED_INCLUDE_IN_FRAMEWORK_HEADER = YES;
				CLANG_WARN_RANGE_LOOP_ANALYSIS = YES;
				CLANG_WARN_STRICT_PROTOTYPES = YES;
				CLANG_WARN_SUSPICIOUS_MOVE = YES;
				CLANG_WARN_UNGUARDED_AVAILABILITY = YES_AGGRESSIVE;
				CLANG_WARN_UNREACHABLE_CODE = YES;
				CLANG_WARN__DUPLICATE_METHOD_MATCH = YES;
				COPY_PHASE_STRIP = NO;
				DEBUG_INFORMATION_FORMAT = "dwarf-with-dsym";
				ENABLE_NS_ASSERTIONS = NO;
				ENABLE_STRICT_OBJC_MSGSEND = YES;
				GCC_C_LANGUAGE_STANDARD = gnu11;
				GCC_NO_COMMON_BLOCKS = YES;
				GCC_WARN_64_TO_32_BIT_CONVERSION = YES;
				GCC_WARN_ABOUT_RETURN_TYPE = YES_ERROR;
				GCC_WARN_UNDECLARED_SELECTOR = YES;
				GCC_WARN_UNINITIALIZED_AUTOS = YES_AGGRESSIVE;
				GCC_WARN_UNUSED_FUNCTION = YES;
				GCC_WARN_UNUSED_VARIABLE = YES;
				IPHONEOS_DEPLOYMENT_TARGET = 15.2;
				MTL_ENABLE_DEBUG_INFO = NO;
				MTL_FAST_MATH = YES;
				SDKROOT = iphoneos;
				SWIFT_COMPILATION_MODE = wholemodule;
				SWIFT_OPTIMIZATION_LEVEL = "-O";
				VALIDATE_PRODUCT = YES;
			};
			name = Release;
		};
		EC7F2C5229E57BA100F985A2 /* Debug */ = {
			isa = XCBuildConfiguration;
			buildSettings = {
				ASSETCATALOG_COMPILER_APPICON_NAME = AppIcon;
				ASSETCATALOG_COMPILER_GLOBAL_ACCENT_COLOR_NAME = AccentColor;
				CODE_SIGN_STYLE = Automatic;
				CURRENT_PROJECT_VERSION = 1;
				GENERATE_INFOPLIST_FILE = YES;
				INFOPLIST_FILE = ToDo/Info.plist;
				INFOPLIST_KEY_UIApplicationSupportsIndirectInputEvents = YES;
				INFOPLIST_KEY_UILaunchStoryboardName = LaunchScreen;
				INFOPLIST_KEY_UIMainStoryboardFile = Main;
				INFOPLIST_KEY_UISupportedInterfaceOrientations_iPad = "UIInterfaceOrientationPortrait UIInterfaceOrientationPortraitUpsideDown UIInterfaceOrientationLandscapeLeft UIInterfaceOrientationLandscapeRight";
				INFOPLIST_KEY_UISupportedInterfaceOrientations_iPhone = "UIInterfaceOrientationPortrait UIInterfaceOrientationLandscapeLeft UIInterfaceOrientationLandscapeRight";
				LD_RUNPATH_SEARCH_PATHS = (
					"$(inherited)",
					"@executable_path/Frameworks",
				);
				MARKETING_VERSION = 1.0;
				PRODUCT_BUNDLE_IDENTIFIER = com.itpath.ToDo;
				PRODUCT_NAME = "$(TARGET_NAME)";
				SWIFT_EMIT_LOC_STRINGS = YES;
				SWIFT_VERSION = 5.0;
				TARGETED_DEVICE_FAMILY = "1,2";
			};
			name = Debug;
		};
		EC7F2C5329E57BA100F985A2 /* Release */ = {
			isa = XCBuildConfiguration;
			buildSettings = {
				ASSETCATALOG_COMPILER_APPICON_NAME = AppIcon;
				ASSETCATALOG_COMPILER_GLOBAL_ACCENT_COLOR_NAME = AccentColor;
				CODE_SIGN_STYLE = Automatic;
				CURRENT_PROJECT_VERSION = 1;
				GENERATE_INFOPLIST_FILE = YES;
				INFOPLIST_FILE = ToDo/Info.plist;
				INFOPLIST_KEY_UIApplicationSupportsIndirectInputEvents = YES;
				INFOPLIST_KEY_UILaunchStoryboardName = LaunchScreen;
				INFOPLIST_KEY_UIMainStoryboardFile = Main;
				INFOPLIST_KEY_UISupportedInterfaceOrientations_iPad = "UIInterfaceOrientationPortrait UIInterfaceOrientationPortraitUpsideDown UIInterfaceOrientationLandscapeLeft UIInterfaceOrientationLandscapeRight";
				INFOPLIST_KEY_UISupportedInterfaceOrientations_iPhone = "UIInterfaceOrientationPortrait UIInterfaceOrientationLandscapeLeft UIInterfaceOrientationLandscapeRight";
				LD_RUNPATH_SEARCH_PATHS = (
					"$(inherited)",
					"@executable_path/Frameworks",
				);
				MARKETING_VERSION = 1.0;
				PRODUCT_BUNDLE_IDENTIFIER = com.itpath.ToDo;
				PRODUCT_NAME = "$(TARGET_NAME)";
				SWIFT_EMIT_LOC_STRINGS = YES;
				SWIFT_VERSION = 5.0;
				TARGETED_DEVICE_FAMILY = "1,2";
			};
			name = Release;
		};
/* End XCBuildConfiguration section */

/* Begin XCConfigurationList section */
		EC7F2C3829E57B9D00F985A2 /* Build configuration list for PBXProject "ToDo" */ = {
			isa = XCConfigurationList;
			buildConfigurations = (
				EC7F2C4F29E57BA100F985A2 /* Debug */,
				EC7F2C5029E57BA100F985A2 /* Release */,
			);
			defaultConfigurationIsVisible = 0;
			defaultConfigurationName = Release;
		};
		EC7F2C5129E57BA100F985A2 /* Build configuration list for PBXNativeTarget "ToDo" */ = {
			isa = XCConfigurationList;
			buildConfigurations = (
				EC7F2C5229E57BA100F985A2 /* Debug */,
				EC7F2C5329E57BA100F985A2 /* Release */,
			);
			defaultConfigurationIsVisible = 0;
			defaultConfigurationName = Release;
		};
/* End XCConfigurationList section */

/* Begin XCRemoteSwiftPackageReference section */
		EC1F036529E6BE09009E0871 /* XCRemoteSwiftPackageReference "SwifterSwift" */ = {
			isa = XCRemoteSwiftPackageReference;
			repositoryURL = "https://github.com/SwifterSwift/SwifterSwift.git";
			requirement = {
				branch = master;
				kind = branch;
			};
		};
		EC1F036829E6BF1D009E0871 /* XCRemoteSwiftPackageReference "firebase-ios-sdk" */ = {
			isa = XCRemoteSwiftPackageReference;
			repositoryURL = "https://github.com/firebase/firebase-ios-sdk.git";
			requirement = {
				kind = upToNextMajorVersion;
				minimumVersion = 9.0.0;
			};
		};
/* End XCRemoteSwiftPackageReference section */

/* Begin XCSwiftPackageProductDependency section */
		EC1F036629E6BE09009E0871 /* SwifterSwift */ = {
			isa = XCSwiftPackageProductDependency;
			package = EC1F036529E6BE09009E0871 /* XCRemoteSwiftPackageReference "SwifterSwift" */;
			productName = SwifterSwift;
		};
		EC1F036929E6BF1D009E0871 /* FirebaseAuth */ = {
			isa = XCSwiftPackageProductDependency;
			package = EC1F036829E6BF1D009E0871 /* XCRemoteSwiftPackageReference "firebase-ios-sdk" */;
			productName = FirebaseAuth;
		};
		EC1F036B29E6BF1D009E0871 /* FirebaseFirestore */ = {
			isa = XCSwiftPackageProductDependency;
			package = EC1F036829E6BF1D009E0871 /* XCRemoteSwiftPackageReference "firebase-ios-sdk" */;
			productName = FirebaseFirestore;
		};
/* End XCSwiftPackageProductDependency section */
	};
	rootObject = EC7F2C3529E57B9D00F985A2 /* Project object */;
}
